
Microsoft Visual Studio Solution File, Format Version 12.00
# Visual Studio 15
VisualStudioVersion = 15.0.28307.1927
MinimumVisualStudioVersion = 10.0.40219.1
Project("{FAE04EC0-301F-11D3-BF4B-00C04F79EFBC}") = "Bloco de notas", "Bloco de notas\Bloco de notas.csproj", "{EAAE71B8-DE7A-4CBE-889B-751839313CB1}"
EndProject
Global
	GlobalSection(SolutionConfigurationPlatforms) = preSolution
		Debug|Any CPU = Debug|Any CPU
		Release|Any CPU = Release|Any CPU
	EndGlobalSection
	GlobalSection(ProjectConfigurationPlatforms) = postSolution
		{EAAE71B8-DE7A-4CBE-889B-751839313CB1}.Debug|Any CPU.ActiveCfg = Debug|Any CPU
		{EAAE71B8-DE7A-4CBE-889B-751839313CB1}.Debug|Any CPU.Build.0 = Debug|Any CPU
		{EAAE71B8-DE7A-4CBE-889B-751839313CB1}.Release|Any CPU.ActiveCfg = Release|Any CPU
		{EAAE71B8-DE7A-4CBE-889B-751839313CB1}.Release|Any CPU.Build.0 = Release|Any CPU
	EndGlobalSection
	GlobalSection(SolutionProperties) = preSolution
		HideSolutionNode = FALSE
	EndGlobalSection
	GlobalSection(ExtensibilityGlobals) = postSolution
		SolutionGuid = {13D62ED3-925D-477A-A5C0-DFE907C9415C}
	EndGlobalSection
EndGlobal
